// !$*UTF8*$!
{
	archiveVersion = 1;
	classes = {
	};
	objectVersion = 56;
	objects = {

/* Begin PBXBuildFile section */
		6F526D052A79F2D300DE6CE0 /* AppDelegate.swift in Sources */ = {isa = PBXBuildFile; fileRef = 6F526D042A79F2D300DE6CE0 /* AppDelegate.swift */; };
		6F526D072A79F2D300DE6CE0 /* SceneDelegate.swift in Sources */ = {isa = PBXBuildFile; fileRef = 6F526D062A79F2D300DE6CE0 /* SceneDelegate.swift */; };
		6F526D092A79F2D300DE6CE0 /* ToDoLengViewController.swift in Sources */ = {isa = PBXBuildFile; fileRef = 6F526D082A79F2D300DE6CE0 /* ToDoLengViewController.swift */; };
		6F526D0C2A79F2D300DE6CE0 /* Main.storyboard in Resources */ = {isa = PBXBuildFile; fileRef = 6F526D0A2A79F2D300DE6CE0 /* Main.storyboard */; };
		6F526D0E2A79F2D600DE6CE0 /* Assets.xcassets in Resources */ = {isa = PBXBuildFile; fileRef = 6F526D0D2A79F2D600DE6CE0 /* Assets.xcassets */; };
		6F526D112A79F2D600DE6CE0 /* LaunchScreen.storyboard in Resources */ = {isa = PBXBuildFile; fileRef = 6F526D0F2A79F2D600DE6CE0 /* LaunchScreen.storyboard */; };
		6FD8263B2A821B2000156184 /* Item.swift in Sources */ = {isa = PBXBuildFile; fileRef = 6FD8263A2A821B2000156184 /* Item.swift */; };
/* End PBXBuildFile section */

/* Begin PBXFileReference section */
		6F526D012A79F2D300DE6CE0 /* ToDoLeng.app */ = {isa = PBXFileReference; explicitFileType = wrapper.application; includeInIndex = 0; path = ToDoLeng.app; sourceTree = BUILT_PRODUCTS_DIR; };
		6F526D042A79F2D300DE6CE0 /* AppDelegate.swift */ = {isa = PBXFileReference; lastKnownFileType = sourcecode.swift; path = AppDelegate.swift; sourceTree = "<group>"; };
		6F526D062A79F2D300DE6CE0 /* SceneDelegate.swift */ = {isa = PBXFileReference; lastKnownFileType = sourcecode.swift; path = SceneDelegate.swift; sourceTree = "<group>"; };
		6F526D082A79F2D300DE6CE0 /* ToDoLengViewController.swift */ = {isa = PBXFileReference; lastKnownFileType = sourcecode.swift; path = ToDoLengViewController.swift; sourceTree = "<group>"; };
		6F526D0B2A79F2D300DE6CE0 /* Base */ = {isa = PBXFileReference; lastKnownFileType = file.storyboard; name = Base; path = Base.lproj/Main.storyboard; sourceTree = "<group>"; };
		6F526D0D2A79F2D600DE6CE0 /* Assets.xcassets */ = {isa = PBXFileReference; lastKnownFileType = folder.assetcatalog; path = Assets.xcassets; sourceTree = "<group>"; };
		6F526D102A79F2D600DE6CE0 /* Base */ = {isa = PBXFileReference; lastKnownFileType = file.storyboard; name = Base; path = Base.lproj/LaunchScreen.storyboard; sourceTree = "<group>"; };
		6F526D122A79F2D600DE6CE0 /* Info.plist */ = {isa = PBXFileReference; lastKnownFileType = text.plist.xml; path = Info.plist; sourceTree = "<group>"; };
		6FD8263A2A821B2000156184 /* Item.swift */ = {isa = PBXFileReference; lastKnownFileType = sourcecode.swift; path = Item.swift; sourceTree = "<group>"; };
/* End PBXFileReference section */

/* Begin PBXFrameworksBuildPhase section */
		6F526CFE2A79F2D300DE6CE0 /* Frameworks */ = {
			isa = PBXFrameworksBuildPhase;
			buildActionMask = 2147483647;
			files = (
			);
			runOnlyForDeploymentPostprocessing = 0;
		};
/* End PBXFrameworksBuildPhase section */

/* Begin PBXGroup section */
		6F526CF82A79F2D300DE6CE0 = {
			isa = PBXGroup;
			children = (
				6F526D032A79F2D300DE6CE0 /* ToDoLeng */,
				6F526D022A79F2D300DE6CE0 /* Products */,
			);
			sourceTree = "<group>";
		};
		6F526D022A79F2D300DE6CE0 /* Products */ = {
			isa = PBXGroup;
			children = (
				6F526D012A79F2D300DE6CE0 /* ToDoLeng.app */,
			);
			name = Products;
			sourceTree = "<group>";
		};
		6F526D032A79F2D300DE6CE0 /* ToDoLeng */ = {
			isa = PBXGroup;
			children = (
				6F526D042A79F2D300DE6CE0 /* AppDelegate.swift */,
				6F526D062A79F2D300DE6CE0 /* SceneDelegate.swift */,
				6FD826392A821AD200156184 /* Data Model */,
				6FD826352A821A4E00156184 /* ViewControllers */,
				6FD826372A821AA300156184 /* Views */,
				6FD826382A821ABD00156184 /* Supporting Files */,
				6F526D122A79F2D600DE6CE0 /* Info.plist */,
			);
			path = ToDoLeng;
			sourceTree = "<group>";
		};
		6FD826352A821A4E00156184 /* ViewControllers */ = {
			isa = PBXGroup;
			children = (
				6F526D082A79F2D300DE6CE0 /* ToDoLengViewController.swift */,
			);
			name = ViewControllers;
			sourceTree = "<group>";
		};
		6FD826372A821AA300156184 /* Views */ = {
			isa = PBXGroup;
			children = (
				6F526D0A2A79F2D300DE6CE0 /* Main.storyboard */,
			);
			name = Views;
			sourceTree = "<group>";
		};
		6FD826382A821ABD00156184 /* Supporting Files */ = {
			isa = PBXGroup;
			children = (
				6F526D0D2A79F2D600DE6CE0 /* Assets.xcassets */,
				6F526D0F2A79F2D600DE6CE0 /* LaunchScreen.storyboard */,
			);
			name = "Supporting Files";
			sourceTree = "<group>";
		};
		6FD826392A821AD200156184 /* Data Model */ = {
			isa = PBXGroup;
			children = (
				6FD8263A2A821B2000156184 /* Item.swift */,
			);
			name = "Data Model";
			sourceTree = "<group>";
		};
/* End PBXGroup section */

/* Begin PBXNativeTarget section */
		6F526D002A79F2D300DE6CE0 /* ToDoLeng */ = {
			isa = PBXNativeTarget;
			buildConfigurationList = 6F526D152A79F2D600DE6CE0 /* Build configuration list for PBXNativeTarget "ToDoLeng" */;
			buildPhases = (
				6F526CFD2A79F2D300DE6CE0 /* Sources */,
				6F526CFE2A79F2D300DE6CE0 /* Frameworks */,
				6F526CFF2A79F2D300DE6CE0 /* Resources */,
			);
			buildRules = (
			);
			dependencies = (
			);
			name = ToDoLeng;
			productName = ToDoLeng;
			productReference = 6F526D012A79F2D300DE6CE0 /* ToDoLeng.app */;
			productType = "com.apple.product-type.application";
		};
/* End PBXNativeTarget section */

/* Begin PBXProject section */
		6F526CF92A79F2D300DE6CE0 /* Project object */ = {
			isa = PBXProject;
			attributes = {
				BuildIndependentTargetsInParallel = 1;
				LastSwiftUpdateCheck = 1430;
				LastUpgradeCheck = 1430;
				TargetAttributes = {
					6F526D002A79F2D300DE6CE0 = {
						CreatedOnToolsVersion = 14.3.1;
					};
				};
			};
			buildConfigurationList = 6F526CFC2A79F2D300DE6CE0 /* Build configuration list for PBXProject "ToDoLeng" */;
			compatibilityVersion = "Xcode 14.0";
			developmentRegion = en;
			hasScannedForEncodings = 0;
			knownRegions = (
				en,
				Base,
			);
			mainGroup = 6F526CF82A79F2D300DE6CE0;
			productRefGroup = 6F526D022A79F2D300DE6CE0 /* Products */;
			projectDirPath = "";
			projectRoot = "";
			targets = (
				6F526D002A79F2D300DE6CE0 /* ToDoLeng */,
			);
		};
/* End PBXProject section */

/* Begin PBXResourcesBuildPhase section */
		6F526CFF2A79F2D300DE6CE0 /* Resources */ = {
			isa = PBXResourcesBuildPhase;
			buildActionMask = 2147483647;
			files = (
				6F526D112A79F2D600DE6CE0 /* LaunchScreen.storyboard in Resources */,
				6F526D0E2A79F2D600DE6CE0 /* Assets.xcassets in Resources */,
				6F526D0C2A79F2D300DE6CE0 /* Main.storyboard in Resources */,
			);
			runOnlyForDeploymentPostprocessing = 0;
		};
/* End PBXResourcesBuildPhase section */

/* Begin PBXSourcesBuildPhase section */
		6F526CFD2A79F2D300DE6CE0 /* Sources */ = {
			isa = PBXSourcesBuildPhase;
			buildActionMask = 2147483647;
			files = (
				6FD8263B2A821B2000156184 /* Item.swift in Sources */,
				6F526D092A79F2D300DE6CE0 /* ToDoLengViewController.swift in Sources */,
				6F526D052A79F2D300DE6CE0 /* AppDelegate.swift in Sources */,
				6F526D072A79F2D300DE6CE0 /* SceneDelegate.swift in Sources */,
			);
			runOnlyForDeploymentPostprocessing = 0;
		};
/* End PBXSourcesBuildPhase section */

/* Begin PBXVariantGroup section */
		6F526D0A2A79F2D300DE6CE0 /* Main.storyboard */ = {
			isa = PBXVariantGroup;
			children = (
				6F526D0B2A79F2D300DE6CE0 /* Base */,
			);
			name = Main.storyboard;
			sourceTree = "<group>";
		};
		6F526D0F2A79F2D600DE6CE0 /* LaunchScreen.storyboard */ = {
			isa = PBXVariantGroup;
			children = (
				6F526D102A79F2D600DE6CE0 /* Base */,
			);
			name = LaunchScreen.storyboard;
			sourceTree = "<group>";
		};
/* End PBXVariantGroup section */

/* Begin XCBuildConfiguration section */
		6F526D132A79F2D600DE6CE0 /* Debug */ = {
			isa = XCBuildConfiguration;
			buildSettings = {
				ALWAYS_SEARCH_USER_PATHS = NO;
				CLANG_ANALYZER_NONNULL = YES;
				CLANG_ANALYZER_NUMBER_OBJECT_CONVERSION = YES_AGGRESSIVE;
				CLANG_CXX_LANGUAGE_STANDARD = "gnu++20";
				CLANG_ENABLE_MODULES = YES;
				CLANG_ENABLE_OBJC_ARC = YES;
				CLANG_ENABLE_OBJC_WEAK = YES;
				CLANG_WARN_BLOCK_CAPTURE_AUTORELEASING = YES;
				CLANG_WARN_BOOL_CONVERSION = YES;
				CLANG_WARN_COMMA = YES;
				CLANG_WARN_CONSTANT_CONVERSION = YES;
				CLANG_WARN_DEPRECATED_OBJC_IMPLEMENTATIONS = YES;
				CLANG_WARN_DIRECT_OBJC_ISA_USAGE = YES_ERROR;
				CLANG_WARN_DOCUMENTATION_COMMENTS = YES;
				CLANG_WARN_EMPTY_BODY = YES;
				CLANG_WARN_ENUM_CONVERSION = YES;
				CLANG_WARN_INFINITE_RECURSION = YES;
				CLANG_WARN_INT_CONVERSION = YES;
				CLANG_WARN_NON_LITERAL_NULL_CONVERSION = YES;
				CLANG_WARN_OBJC_IMPLICIT_RETAIN_SELF = YES;
				CLANG_WARN_OBJC_LITERAL_CONVERSION = YES;
				CLANG_WARN_OBJC_ROOT_CLASS = YES_ERROR;
				CLANG_WARN_QUOTED_INCLUDE_IN_FRAMEWORK_HEADER = YES;
				CLANG_WARN_RANGE_LOOP_ANALYSIS = YES;
				CLANG_WARN_STRICT_PROTOTYPES = YES;
				CLANG_WARN_SUSPICIOUS_MOVE = YES;
				CLANG_WARN_UNGUARDED_AVAILABILITY = YES_AGGRESSIVE;
				CLANG_WARN_UNREACHABLE_CODE = YES;
				CLANG_WARN__DUPLICATE_METHOD_MATCH = YES;
				COPY_PHASE_STRIP = NO;
				DEBUG_INFORMATION_FORMAT = dwarf;
				ENABLE_STRICT_OBJC_MSGSEND = YES;
				ENABLE_TESTABILITY = YES;
				GCC_C_LANGUAGE_STANDARD = gnu11;
				GCC_DYNAMIC_NO_PIC = NO;
				GCC_NO_COMMON_BLOCKS = YES;
				GCC_OPTIMIZATION_LEVEL = 0;
				GCC_PREPROCESSOR_DEFINITIONS = (
					"DEBUG=1",
					"$(inherited)",
				);
				GCC_WARN_64_TO_32_BIT_CONVERSION = YES;
				GCC_WARN_ABOUT_RETURN_TYPE = YES_ERROR;
				GCC_WARN_UNDECLARED_SELECTOR = YES;
				GCC_WARN_UNINITIALIZED_AUTOS = YES_AGGRESSIVE;
				GCC_WARN_UNUSED_FUNCTION = YES;
				GCC_WARN_UNUSED_VARIABLE = YES;
				IPHONEOS_DEPLOYMENT_TARGET = 16.4;
				MTL_ENABLE_DEBUG_INFO = INCLUDE_SOURCE;
				MTL_FAST_MATH = YES;
				ONLY_ACTIVE_ARCH = YES;
				SDKROOT = iphoneos;
				SWIFT_ACTIVE_COMPILATION_CONDITIONS = DEBUG;
				SWIFT_OPTIMIZATION_LEVEL = "-Onone";
			};
			name = Debug;
		};
		6F526D142A79F2D600DE6CE0 /* Release */ = {
			isa = XCBuildConfiguration;
			buildSettings = {
				ALWAYS_SEARCH_USER_PATHS = NO;
				CLANG_ANALYZER_NONNULL = YES;
				CLANG_ANALYZER_NUMBER_OBJECT_CONVERSION = YES_AGGRESSIVE;
				CLANG_CXX_LANGUAGE_STANDARD = "gnu++20";
				CLANG_ENABLE_MODULES = YES;
				CLANG_ENABLE_OBJC_ARC = YES;
				CLANG_ENABLE_OBJC_WEAK = YES;
				CLANG_WARN_BLOCK_CAPTURE_AUTORELEASING = YES;
				CLANG_WARN_BOOL_CONVERSION = YES;
				CLANG_WARN_COMMA = YES;
				CLANG_WARN_CONSTANT_CONVERSION = YES;
				CLANG_WARN_DEPRECATED_OBJC_IMPLEMENTATIONS = YES;
				CLANG_WARN_DIRECT_OBJC_ISA_USAGE = YES_ERROR;
				CLANG_WARN_DOCUMENTATION_COMMENTS = YES;
				CLANG_WARN_EMPTY_BODY = YES;
				CLANG_WARN_ENUM_CONVERSION = YES;
				CLANG_WARN_INFINITE_RECURSION = YES;
				CLANG_WARN_INT_CONVERSION = YES;
				CLANG_WARN_NON_LITERAL_NULL_CONVERSION = YES;
				CLANG_WARN_OBJC_IMPLICIT_RETAIN_SELF = YES;
				CLANG_WARN_OBJC_LITERAL_CONVERSION = YES;
				CLANG_WARN_OBJC_ROOT_CLASS = YES_ERROR;
				CLANG_WARN_QUOTED_INCLUDE_IN_FRAMEWORK_HEADER = YES;
				CLANG_WARN_RANGE_LOOP_ANALYSIS = YES;
				CLANG_WARN_STRICT_PROTOTYPES = YES;
				CLANG_WARN_SUSPICIOUS_MOVE = YES;
				CLANG_WARN_UNGUARDED_AVAILABILITY = YES_AGGRESSIVE;
				CLANG_WARN_UNREACHABLE_CODE = YES;
				CLANG_WARN__DUPLICATE_METHOD_MATCH = YES;
				COPY_PHASE_STRIP = NO;
				DEBUG_INFORMATION_FORMAT = "dwarf-with-dsym";
				ENABLE_NS_ASSERTIONS = NO;
				ENABLE_STRICT_OBJC_MSGSEND = YES;
				GCC_C_LANGUAGE_STANDARD = gnu11;
				GCC_NO_COMMON_BLOCKS = YES;
				GCC_WARN_64_TO_32_BIT_CONVERSION = YES;
				GCC_WARN_ABOUT_RETURN_TYPE = YES_ERROR;
				GCC_WARN_UNDECLARED_SELECTOR = YES;
				GCC_WARN_UNINITIALIZED_AUTOS = YES_AGGRESSIVE;
				GCC_WARN_UNUSED_FUNCTION = YES;
				GCC_WARN_UNUSED_VARIABLE = YES;
				IPHONEOS_DEPLOYMENT_TARGET = 16.4;
				MTL_ENABLE_DEBUG_INFO = NO;
				MTL_FAST_MATH = YES;
				SDKROOT = iphoneos;
				SWIFT_COMPILATION_MODE = wholemodule;
				SWIFT_OPTIMIZATION_LEVEL = "-O";
				VALIDATE_PRODUCT = YES;
			};
			name = Release;
		};
		6F526D162A79F2D600DE6CE0 /* Debug */ = {
			isa = XCBuildConfiguration;
			buildSettings = {
				ASSETCATALOG_COMPILER_APPICON_NAME = AppIcon;
				ASSETCATALOG_COMPILER_GLOBAL_ACCENT_COLOR_NAME = AccentColor;
				CODE_SIGN_STYLE = Automatic;
				CURRENT_PROJECT_VERSION = 1;
				DEVELOPMENT_TEAM = W268V8G248;
				GENERATE_INFOPLIST_FILE = YES;
				INFOPLIST_FILE = ToDoLeng/Info.plist;
				INFOPLIST_KEY_UIApplicationSupportsIndirectInputEvents = YES;
				INFOPLIST_KEY_UILaunchStoryboardName = LaunchScreen;
				INFOPLIST_KEY_UIMainStoryboardFile = Main;
				INFOPLIST_KEY_UISupportedInterfaceOrientations = UIInterfaceOrientationPortrait;
				INFOPLIST_KEY_UISupportedInterfaceOrientations_iPad = "UIInterfaceOrientationLandscapeLeft UIInterfaceOrientationLandscapeRight UIInterfaceOrientationPortrait UIInterfaceOrientationPortraitUpsideDown";
				LD_RUNPATH_SEARCH_PATHS = (
					"$(inherited)",
					"@executable_path/Frameworks",
				);
				MARKETING_VERSION = 1.0;
				PRODUCT_BUNDLE_IDENTIFIER = com.rotha.ToDoLeng;
				PRODUCT_NAME = "$(TARGET_NAME)";
				SUPPORTED_PLATFORMS = "iphoneos iphonesimulator";
				SUPPORTS_MACCATALYST = NO;
				SUPPORTS_MAC_DESIGNED_FOR_IPHONE_IPAD = YES;
				SWIFT_EMIT_LOC_STRINGS = YES;
				SWIFT_VERSION = 5.0;
				TARGETED_DEVICE_FAMILY = 1;
			};
			name = Debug;
		};
		6F526D172A79F2D600DE6CE0 /* Release */ = {
			isa = XCBuildConfiguration;
			buildSettings = {
				ASSETCATALOG_COMPILER_APPICON_NAME = AppIcon;
				ASSETCATALOG_COMPILER_GLOBAL_ACCENT_COLOR_NAME = AccentColor;
				CODE_SIGN_STYLE = Automatic;
				CURRENT_PROJECT_VERSION = 1;
				DEVELOPMENT_TEAM = W268V8G248;
				GENERATE_INFOPLIST_FILE = YES;
				INFOPLIST_FILE = ToDoLeng/Info.plist;
				INFOPLIST_KEY_UIApplicationSupportsIndirectInputEvents = YES;
				INFOPLIST_KEY_UILaunchStoryboardName = LaunchScreen;
				INFOPLIST_KEY_UIMainStoryboardFile = Main;
				INFOPLIST_KEY_UISupportedInterfaceOrientations = UIInterfaceOrientationPortrait;
				INFOPLIST_KEY_UISupportedInterfaceOrientations_iPad = "UIInterfaceOrientationLandscapeLeft UIInterfaceOrientationLandscapeRight UIInterfaceOrientationPortrait UIInterfaceOrientationPortraitUpsideDown";
				LD_RUNPATH_SEARCH_PATHS = (
					"$(inherited)",
					"@executable_path/Frameworks",
				);
				MARKETING_VERSION = 1.0;
				PRODUCT_BUNDLE_IDENTIFIER = com.rotha.ToDoLeng;
				PRODUCT_NAME = "$(TARGET_NAME)";
				SUPPORTED_PLATFORMS = "iphoneos iphonesimulator";
				SUPPORTS_MACCATALYST = NO;
				SUPPORTS_MAC_DESIGNED_FOR_IPHONE_IPAD = YES;
				SWIFT_EMIT_LOC_STRINGS = YES;
				SWIFT_VERSION = 5.0;
				TARGETED_DEVICE_FAMILY = 1;
			};
			name = Release;
		};
/* End XCBuildConfiguration section */

/* Begin XCConfigurationList section */
		6F526CFC2A79F2D300DE6CE0 /* Build configuration list for PBXProject "ToDoLeng" */ = {
			isa = XCConfigurationList;
			buildConfigurations = (
				6F526D132A79F2D600DE6CE0 /* Debug */,
				6F526D142A79F2D600DE6CE0 /* Release */,
			);
			defaultConfigurationIsVisible = 0;
			defaultConfigurationName = Release;
		};
		6F526D152A79F2D600DE6CE0 /* Build configuration list for PBXNativeTarget "ToDoLeng" */ = {
			isa = XCConfigurationList;
			buildConfigurations = (
				6F526D162A79F2D600DE6CE0 /* Debug */,
				6F526D172A79F2D600DE6CE0 /* Release */,
			);
			defaultConfigurationIsVisible = 0;
			defaultConfigurationName = Release;
		};
/* End XCConfigurationList section */
	};
	rootObject = 6F526CF92A79F2D300DE6CE0 /* Project object */;
}
